
Microsoft Visual Studio Solution File, Format Version 12.00
# Visual Studio Version 17
VisualStudioVersion = 17.0.31903.59
MinimumVisualStudioVersion = 10.0.40219.1
Project("{2150E333-8FDC-42A3-9474-1A3956D46DE8}") = "src", "src", "{827E0CD3-B72D-47B6-A68D-7590B98EB39B}"
EndProject
Project("{FAE04EC0-301F-11D3-BF4B-00C04F79EFBC}") = "AutoInputPlus.Core", "src\AutoInputPlus.Core\AutoInputPlus.Core.csproj", "{E819B62A-B289-410C-9A12-94B53196D551}"
EndProject
Project("{FAE04EC0-301F-11D3-BF4B-00C04F79EFBC}") = "AutoInputPlus.Engine", "src\AutoInputPlus.Engine\AutoInputPlus.Engine.csproj", "{04AB7D73-335F-4C60-B00F-17A3C7A4C2E0}"
EndProject
Project("{FAE04EC0-301F-11D3-BF4B-00C04F79EFBC}") = "AutoInputPlus.Infrastructure", "src\AutoInputPlus.Infrastructure\AutoInputPlus.Infrastructure.csproj", "{1E68A0BD-55BD-4CE2-B0BF-9B136507047D}"
EndProject
Project("{FAE04EC0-301F-11D3-BF4B-00C04F79EFBC}") = "AutoInputPlus.Wpf", "src\AutoInputPlus.Wpf\AutoInputPlus.Wpf.csproj", "{1A48804F-301E-493C-AE4D-F22ED5C8E90B}"
EndProject
Project("{FAE04EC0-301F-11D3-BF4B-00C04F79EFBC}") = "AutoInputPlus.Input.Windows", "src\AutoInputPlus.Input.Windows\AutoInputPlus.Input.Windows.csproj", "{C01AC4D7-4579-4254-BF7E-4C93E7410753}"
EndProject
Project("{2150E333-8FDC-42A3-9474-1A3956D46DE8}") = "tests", "tests", "{0AB3BF05-4346-4AA6-1389-037BE0695223}"
EndProject
Project("{FAE04EC0-301F-11D3-BF4B-00C04F79EFBC}") = "AutoInputPlus.Core.Tests", "tests\AutoInputPlus.Core.Tests\AutoInputPlus.Core.Tests.csproj", "{0BF45778-882B-4F49-A7DB-209FF7D874D4}"
EndProject
Project("{FAE04EC0-301F-11D3-BF4B-00C04F79EFBC}") = "AutoInputPlus.Engine.Tests", "tests\AutoInputPlus.Engine.Tests\AutoInputPlus.Engine.Tests.csproj", "{4463D610-E447-4614-9ED0-63ACF263DEF3}"
EndProject
Project("{FAE04EC0-301F-11D3-BF4B-00C04F79EFBC}") = "AutoInputPlus.Infrastructure.Tests", "tests\AutoInputPlus.Infrastructure.Tests\AutoInputPlus.Infrastructure.Tests.csproj", "{6480BECE-3919-4872-9F8A-B08B5EEA18DB}"
EndProject
Project("{FAE04EC0-301F-11D3-BF4B-00C04F79EFBC}") = "AutoInputPlus.Input.Windows.Tests", "tests\AutoInputPlus.Input.Windows.Tests\AutoInputPlus.Input.Windows.Tests.csproj", "{EA9F2C1F-69F5-4773-88F2-415D23628A2F}"
EndProject
Project("{FAE04EC0-301F-11D3-BF4B-00C04F79EFBC}") = "AutoInputPlus.Wpf.Tests", "tests\AutoInputPlus.Wpf.Tests\AutoInputPlus.Wpf.Tests.csproj", "{A92FBB8C-8EDD-4460-8716-D548D87E939A}"
EndProject
Global
	GlobalSection(SolutionConfigurationPlatforms) = preSolution
		Debug|Any CPU = Debug|Any CPU
		Debug|x64 = Debug|x64
		Debug|x86 = Debug|x86
		Release|Any CPU = Release|Any CPU
		Release|x64 = Release|x64
		Release|x86 = Release|x86
	EndGlobalSection
	GlobalSection(ProjectConfigurationPlatforms) = postSolution
		{E819B62A-B289-410C-9A12-94B53196D551}.Debug|Any CPU.ActiveCfg = Debug|Any CPU
		{E819B62A-B289-410C-9A12-94B53196D551}.Debug|Any CPU.Build.0 = Debug|Any CPU
		{E819B62A-B289-410C-9A12-94B53196D551}.Debug|x64.ActiveCfg = Debug|Any CPU
		{E819B62A-B289-410C-9A12-94B53196D551}.Debug|x64.Build.0 = Debug|Any CPU
		{E819B62A-B289-410C-9A12-94B53196D551}.Debug|x86.ActiveCfg = Debug|Any CPU
		{E819B62A-B289-410C-9A12-94B53196D551}.Debug|x86.Build.0 = Debug|Any CPU
		{E819B62A-B289-410C-9A12-94B53196D551}.Release|Any CPU.ActiveCfg = Release|Any CPU
		{E819B62A-B289-410C-9A12-94B53196D551}.Release|Any CPU.Build.0 = Release|Any CPU
		{E819B62A-B289-410C-9A12-94B53196D551}.Release|x64.ActiveCfg = Release|Any CPU
		{E819B62A-B289-410C-9A12-94B53196D551}.Release|x64.Build.0 = Release|Any CPU
		{E819B62A-B289-410C-9A12-94B53196D551}.Release|x86.ActiveCfg = Release|Any CPU
		{E819B62A-B289-410C-9A12-94B53196D551}.Release|x86.Build.0 = Release|Any CPU
		{04AB7D73-335F-4C60-B00F-17A3C7A4C2E0}.Debug|Any CPU.ActiveCfg = Debug|Any CPU
		{04AB7D73-335F-4C60-B00F-17A3C7A4C2E0}.Debug|Any CPU.Build.0 = Debug|Any CPU
		{04AB7D73-335F-4C60-B00F-17A3C7A4C2E0}.Debug|x64.ActiveCfg = Debug|Any CPU
		{04AB7D73-335F-4C60-B00F-17A3C7A4C2E0}.Debug|x64.Build.0 = Debug|Any CPU
		{04AB7D73-335F-4C60-B00F-17A3C7A4C2E0}.Debug|x86.ActiveCfg = Debug|Any CPU
		{04AB7D73-335F-4C60-B00F-17A3C7A4C2E0}.Debug|x86.Build.0 = Debug|Any CPU
		{04AB7D73-335F-4C60-B00F-17A3C7A4C2E0}.Release|Any CPU.ActiveCfg = Release|Any CPU
		{04AB7D73-335F-4C60-B00F-17A3C7A4C2E0}.Release|Any CPU.Build.0 = Release|Any CPU
		{04AB7D73-335F-4C60-B00F-17A3C7A4C2E0}.Release|x64.ActiveCfg = Release|Any CPU
		{04AB7D73-335F-4C60-B00F-17A3C7A4C2E0}.Release|x64.Build.0 = Release|Any CPU
		{04AB7D73-335F-4C60-B00F-17A3C7A4C2E0}.Release|x86.ActiveCfg = Release|Any CPU
		{04AB7D73-335F-4C60-B00F-17A3C7A4C2E0}.Release|x86.Build.0 = Release|Any CPU
		{1E68A0BD-55BD-4CE2-B0BF-9B136507047D}.Debug|Any CPU.ActiveCfg = Debug|Any CPU
		{1E68A0BD-55BD-4CE2-B0BF-9B136507047D}.Debug|Any CPU.Build.0 = Debug|Any CPU
		{1E68A0BD-55BD-4CE2-B0BF-9B136507047D}.Debug|x64.ActiveCfg = Debug|Any CPU
		{1E68A0BD-55BD-4CE2-B0BF-9B136507047D}.Debug|x64.Build.0 = Debug|Any CPU
		{1E68A0BD-55BD-4CE2-B0BF-9B136507047D}.Debug|x86.ActiveCfg = Debug|Any CPU
		{1E68A0BD-55BD-4CE2-B0BF-9B136507047D}.Debug|x86.Build.0 = Debug|Any CPU
		{1E68A0BD-55BD-4CE2-B0BF-9B136507047D}.Release|Any CPU.ActiveCfg = Release|Any CPU
		{1E68A0BD-55BD-4CE2-B0BF-9B136507047D}.Release|Any CPU.Build.0 = Release|Any CPU
		{1E68A0BD-55BD-4CE2-B0BF-9B136507047D}.Release|x64.ActiveCfg = Release|Any CPU
		{1E68A0BD-55BD-4CE2-B0BF-9B136507047D}.Release|x64.Build.0 = Release|Any CPU
		{1E68A0BD-55BD-4CE2-B0BF-9B136507047D}.Release|x86.ActiveCfg = Release|Any CPU
		{1E68A0BD-55BD-4CE2-B0BF-9B136507047D}.Release|x86.Build.0 = Release|Any CPU
		{1A48804F-301E-493C-AE4D-F22ED5C8E90B}.Debug|Any CPU.ActiveCfg = Debug|Any CPU
		{1A48804F-301E-493C-AE4D-F22ED5C8E90B}.Debug|Any CPU.Build.0 = Debug|Any CPU
		{1A48804F-301E-493C-AE4D-F22ED5C8E90B}.Debug|x64.ActiveCfg = Debug|Any CPU
		{1A48804F-301E-493C-AE4D-F22ED5C8E90B}.Debug|x64.Build.0 = Debug|Any CPU
		{1A48804F-301E-493C-AE4D-F22ED5C8E90B}.Debug|x86.ActiveCfg = Debug|Any CPU
		{1A48804F-301E-493C-AE4D-F22ED5C8E90B}.Debug|x86.Build.0 = Debug|Any CPU
		{1A48804F-301E-493C-AE4D-F22ED5C8E90B}.Release|Any CPU.ActiveCfg = Release|Any CPU
		{1A48804F-301E-493C-AE4D-F22ED5C8E90B}.Release|Any CPU.Build.0 = Release|Any CPU
		{1A48804F-301E-493C-AE4D-F22ED5C8E90B}.Release|x64.ActiveCfg = Release|Any CPU
		{1A48804F-301E-493C-AE4D-F22ED5C8E90B}.Release|x64.Build.0 = Release|Any CPU
		{1A48804F-301E-493C-AE4D-F22ED5C8E90B}.Release|x86.ActiveCfg = Release|Any CPU
		{1A48804F-301E-493C-AE4D-F22ED5C8E90B}.Release|x86.Build.0 = Release|Any CPU
		{C01AC4D7-4579-4254-BF7E-4C93E7410753}.Debug|Any CPU.ActiveCfg = Debug|Any CPU
		{C01AC4D7-4579-4254-BF7E-4C93E7410753}.Debug|Any CPU.Build.0 = Debug|Any CPU
		{C01AC4D7-4579-4254-BF7E-4C93E7410753}.Debug|x64.ActiveCfg = Debug|Any CPU
		{C01AC4D7-4579-4254-BF7E-4C93E7410753}.Debug|x64.Build.0 = Debug|Any CPU
		{C01AC4D7-4579-4254-BF7E-4C93E7410753}.Debug|x86.ActiveCfg = Debug|Any CPU
		{C01AC4D7-4579-4254-BF7E-4C93E7410753}.Debug|x86.Build.0 = Debug|Any CPU
		{C01AC4D7-4579-4254-BF7E-4C93E7410753}.Release|Any CPU.ActiveCfg = Release|Any CPU
		{C01AC4D7-4579-4254-BF7E-4C93E7410753}.Release|Any CPU.Build.0 = Release|Any CPU
		{C01AC4D7-4579-4254-BF7E-4C93E7410753}.Release|x64.ActiveCfg = Release|Any CPU
		{C01AC4D7-4579-4254-BF7E-4C93E7410753}.Release|x64.Build.0 = Release|Any CPU
		{C01AC4D7-4579-4254-BF7E-4C93E7410753}.Release|x86.ActiveCfg = Release|Any CPU
		{C01AC4D7-4579-4254-BF7E-4C93E7410753}.Release|x86.Build.0 = Release|Any CPU
		{0BF45778-882B-4F49-A7DB-209FF7D874D4}.Debug|Any CPU.ActiveCfg = Debug|Any CPU
		{0BF45778-882B-4F49-A7DB-209FF7D874D4}.Debug|Any CPU.Build.0 = Debug|Any CPU
		{0BF45778-882B-4F49-A7DB-209FF7D874D4}.Debug|x64.ActiveCfg = Debug|Any CPU
		{0BF45778-882B-4F49-A7DB-209FF7D874D4}.Debug|x64.Build.0 = Debug|Any CPU
		{0BF45778-882B-4F49-A7DB-209FF7D874D4}.Debug|x86.ActiveCfg = Debug|Any CPU
		{0BF45778-882B-4F49-A7DB-209FF7D874D4}.Debug|x86.Build.0 = Debug|Any CPU
		{0BF45778-882B-4F49-A7DB-209FF7D874D4}.Release|Any CPU.ActiveCfg = Release|Any CPU
		{0BF45778-882B-4F49-A7DB-209FF7D874D4}.Release|Any CPU.Build.0 = Release|Any CPU
		{0BF45778-882B-4F49-A7DB-209FF7D874D4}.Release|x64.ActiveCfg = Release|Any CPU
		{0BF45778-882B-4F49-A7DB-209FF7D874D4}.Release|x64.Build.0 = Release|Any CPU
		{0BF45778-882B-4F49-A7DB-209FF7D874D4}.Release|x86.ActiveCfg = Release|Any CPU
		{0BF45778-882B-4F49-A7DB-209FF7D874D4}.Release|x86.Build.0 = Release|Any CPU
		{4463D610-E447-4614-9ED0-63ACF263DEF3}.Debug|Any CPU.ActiveCfg = Debug|Any CPU
		{4463D610-E447-4614-9ED0-63ACF263DEF3}.Debug|Any CPU.Build.0 = Debug|Any CPU
		{4463D610-E447-4614-9ED0-63ACF263DEF3}.Debug|x64.ActiveCfg = Debug|Any CPU
		{4463D610-E447-4614-9ED0-63ACF263DEF3}.Debug|x64.Build.0 = Debug|Any CPU
		{4463D610-E447-4614-9ED0-63ACF263DEF3}.Debug|x86.ActiveCfg = Debug|Any CPU
		{4463D610-E447-4614-9ED0-63ACF263DEF3}.Debug|x86.Build.0 = Debug|Any CPU
		{4463D610-E447-4614-9ED0-63ACF263DEF3}.Release|Any CPU.ActiveCfg = Release|Any CPU
		{4463D610-E447-4614-9ED0-63ACF263DEF3}.Release|Any CPU.Build.0 = Release|Any CPU
		{4463D610-E447-4614-9ED0-63ACF263DEF3}.Release|x64.ActiveCfg = Release|Any CPU
		{4463D610-E447-4614-9ED0-63ACF263DEF3}.Release|x64.Build.0 = Release|Any CPU
		{4463D610-E447-4614-9ED0-63ACF263DEF3}.Release|x86.ActiveCfg = Release|Any CPU
		{4463D610-E447-4614-9ED0-63ACF263DEF3}.Release|x86.Build.0 = Release|Any CPU
		{6480BECE-3919-4872-9F8A-B08B5EEA18DB}.Debug|Any CPU.ActiveCfg = Debug|Any CPU
		{6480BECE-3919-4872-9F8A-B08B5EEA18DB}.Debug|Any CPU.Build.0 = Debug|Any CPU
		{6480BECE-3919-4872-9F8A-B08B5EEA18DB}.Debug|x64.ActiveCfg = Debug|Any CPU
		{6480BECE-3919-4872-9F8A-B08B5EEA18DB}.Debug|x64.Build.0 = Debug|Any CPU
		{6480BECE-3919-4872-9F8A-B08B5EEA18DB}.Debug|x86.ActiveCfg = Debug|Any CPU
		{6480BECE-3919-4872-9F8A-B08B5EEA18DB}.Debug|x86.Build.0 = Debug|Any CPU
		{6480BECE-3919-4872-9F8A-B08B5EEA18DB}.Release|Any CPU.ActiveCfg = Release|Any CPU
		{6480BECE-3919-4872-9F8A-B08B5EEA18DB}.Release|Any CPU.Build.0 = Release|Any CPU
		{6480BECE-3919-4872-9F8A-B08B5EEA18DB}.Release|x64.ActiveCfg = Release|Any CPU
		{6480BECE-3919-4872-9F8A-B08B5EEA18DB}.Release|x64.Build.0 = Release|Any CPU
		{6480BECE-3919-4872-9F8A-B08B5EEA18DB}.Release|x86.ActiveCfg = Release|Any CPU
		{6480BECE-3919-4872-9F8A-B08B5EEA18DB}.Release|x86.Build.0 = Release|Any CPU
		{EA9F2C1F-69F5-4773-88F2-415D23628A2F}.Debug|Any CPU.ActiveCfg = Debug|Any CPU
		{EA9F2C1F-69F5-4773-88F2-415D23628A2F}.Debug|Any CPU.Build.0 = Debug|Any CPU
		{EA9F2C1F-69F5-4773-88F2-415D23628A2F}.Debug|x64.ActiveCfg = Debug|Any CPU
		{EA9F2C1F-69F5-4773-88F2-415D23628A2F}.Debug|x64.Build.0 = Debug|Any CPU
		{EA9F2C1F-69F5-4773-88F2-415D23628A2F}.Debug|x86.ActiveCfg = Debug|Any CPU
		{EA9F2C1F-69F5-4773-88F2-415D23628A2F}.Debug|x86.Build.0 = Debug|Any CPU
		{EA9F2C1F-69F5-4773-88F2-415D23628A2F}.Release|Any CPU.ActiveCfg = Release|Any CPU
		{EA9F2C1F-69F5-4773-88F2-415D23628A2F}.Release|Any CPU.Build.0 = Release|Any CPU
		{EA9F2C1F-69F5-4773-88F2-415D23628A2F}.Release|x64.ActiveCfg = Release|Any CPU
		{EA9F2C1F-69F5-4773-88F2-415D23628A2F}.Release|x64.Build.0 = Release|Any CPU
		{EA9F2C1F-69F5-4773-88F2-415D23628A2F}.Release|x86.ActiveCfg = Release|Any CPU
		{EA9F2C1F-69F5-4773-88F2-415D23628A2F}.Release|x86.Build.0 = Release|Any CPU
		{A92FBB8C-8EDD-4460-8716-D548D87E939A}.Debug|Any CPU.ActiveCfg = Debug|Any CPU
		{A92FBB8C-8EDD-4460-8716-D548D87E939A}.Debug|Any CPU.Build.0 = Debug|Any CPU
		{A92FBB8C-8EDD-4460-8716-D548D87E939A}.Debug|x64.ActiveCfg = Debug|Any CPU
		{A92FBB8C-8EDD-4460-8716-D548D87E939A}.Debug|x64.Build.0 = Debug|Any CPU
		{A92FBB8C-8EDD-4460-8716-D548D87E939A}.Debug|x86.ActiveCfg = Debug|Any CPU
		{A92FBB8C-8EDD-4460-8716-D548D87E939A}.Debug|x86.Build.0 = Debug|Any CPU
		{A92FBB8C-8EDD-4460-8716-D548D87E939A}.Release|Any CPU.ActiveCfg = Release|Any CPU
		{A92FBB8C-8EDD-4460-8716-D548D87E939A}.Release|Any CPU.Build.0 = Release|Any CPU
		{A92FBB8C-8EDD-4460-8716-D548D87E939A}.Release|x64.ActiveCfg = Release|Any CPU
		{A92FBB8C-8EDD-4460-8716-D548D87E939A}.Release|x64.Build.0 = Release|Any CPU
		{A92FBB8C-8EDD-4460-8716-D548D87E939A}.Release|x86.ActiveCfg = Release|Any CPU
		{A92FBB8C-8EDD-4460-8716-D548D87E939A}.Release|x86.Build.0 = Release|Any CPU
	EndGlobalSection
	GlobalSection(SolutionProperties) = preSolution
		HideSolutionNode = FALSE
	EndGlobalSection
	GlobalSection(NestedProjects) = preSolution
		{E819B62A-B289-410C-9A12-94B53196D551} = {827E0CD3-B72D-47B6-A68D-7590B98EB39B}
		{04AB7D73-335F-4C60-B00F-17A3C7A4C2E0} = {827E0CD3-B72D-47B6-A68D-7590B98EB39B}
		{1E68A0BD-55BD-4CE2-B0BF-9B136507047D} = {827E0CD3-B72D-47B6-A68D-7590B98EB39B}
		{1A48804F-301E-493C-AE4D-F22ED5C8E90B} = {827E0CD3-B72D-47B6-A68D-7590B98EB39B}
		{C01AC4D7-4579-4254-BF7E-4C93E7410753} = {827E0CD3-B72D-47B6-A68D-7590B98EB39B}
		{0BF45778-882B-4F49-A7DB-209FF7D874D4} = {0AB3BF05-4346-4AA6-1389-037BE0695223}
		{4463D610-E447-4614-9ED0-63ACF263DEF3} = {0AB3BF05-4346-4AA6-1389-037BE0695223}
		{6480BECE-3919-4872-9F8A-B08B5EEA18DB} = {0AB3BF05-4346-4AA6-1389-037BE0695223}
		{EA9F2C1F-69F5-4773-88F2-415D23628A2F} = {0AB3BF05-4346-4AA6-1389-037BE0695223}
		{A92FBB8C-8EDD-4460-8716-D548D87E939A} = {0AB3BF05-4346-4AA6-1389-037BE0695223}
	EndGlobalSection
EndGlobal
